
Microsoft Visual Studio Solution File, Format Version 12.00
# Visual Studio Version 17
VisualStudioVersion = 17.0.31903.59
MinimumVisualStudioVersion = 10.0.40219.1
Project("{FAE04EC0-301F-11D3-BF4B-00C04F79EFBC}") = "DotNetGRPC.Client", "DotNetGRPC.Client\DotNetGRPC.Client.csproj", "{EE499CEE-A892-4C26-A9BD-0E4DCD586AD2}"
EndProject
Project("{FAE04EC0-301F-11D3-BF4B-00C04F79EFBC}") = "DotNetGRPC.Common", "DotNetGRPC.Common\DotNetGRPC.Common.csproj", "{5B3B50D9-6854-4B29-B6CC-5C34B0E45021}"
EndProject
Project("{FAE04EC0-301F-11D3-BF4B-00C04F79EFBC}") = "DotNetGRPC.Server", "DotNetGRPC.Server\DotNetGRPC.Server.csproj", "{2CBEED6F-4622-4444-B63A-5960BFFF8272}"
EndProject
Global
	GlobalSection(SolutionConfigurationPlatforms) = preSolution
		Debug|Any CPU = Debug|Any CPU
		Debug|x64 = Debug|x64
		Debug|x86 = Debug|x86
		Release|Any CPU = Release|Any CPU
		Release|x64 = Release|x64
		Release|x86 = Release|x86
	EndGlobalSection
	GlobalSection(ProjectConfigurationPlatforms) = postSolution
		{EE499CEE-A892-4C26-A9BD-0E4DCD586AD2}.Debug|Any CPU.ActiveCfg = Debug|Any CPU
		{EE499CEE-A892-4C26-A9BD-0E4DCD586AD2}.Debug|Any CPU.Build.0 = Debug|Any CPU
		{EE499CEE-A892-4C26-A9BD-0E4DCD586AD2}.Debug|x64.ActiveCfg = Debug|Any CPU
		{EE499CEE-A892-4C26-A9BD-0E4DCD586AD2}.Debug|x64.Build.0 = Debug|Any CPU
		{EE499CEE-A892-4C26-A9BD-0E4DCD586AD2}.Debug|x86.ActiveCfg = Debug|Any CPU
		{EE499CEE-A892-4C26-A9BD-0E4DCD586AD2}.Debug|x86.Build.0 = Debug|Any CPU
		{EE499CEE-A892-4C26-A9BD-0E4DCD586AD2}.Release|Any CPU.ActiveCfg = Release|Any CPU
		{EE499CEE-A892-4C26-A9BD-0E4DCD586AD2}.Release|Any CPU.Build.0 = Release|Any CPU
		{EE499CEE-A892-4C26-A9BD-0E4DCD586AD2}.Release|x64.ActiveCfg = Release|Any CPU
		{EE499CEE-A892-4C26-A9BD-0E4DCD586AD2}.Release|x64.Build.0 = Release|Any CPU
		{EE499CEE-A892-4C26-A9BD-0E4DCD586AD2}.Release|x86.ActiveCfg = Release|Any CPU
		{EE499CEE-A892-4C26-A9BD-0E4DCD586AD2}.Release|x86.Build.0 = Release|Any CPU
		{5B3B50D9-6854-4B29-B6CC-5C34B0E45021}.Debug|Any CPU.ActiveCfg = Debug|Any CPU
		{5B3B50D9-6854-4B29-B6CC-5C34B0E45021}.Debug|Any CPU.Build.0 = Debug|Any CPU
		{5B3B50D9-6854-4B29-B6CC-5C34B0E45021}.Debug|x64.ActiveCfg = Debug|Any CPU
		{5B3B50D9-6854-4B29-B6CC-5C34B0E45021}.Debug|x64.Build.0 = Debug|Any CPU
		{5B3B50D9-6854-4B29-B6CC-5C34B0E45021}.Debug|x86.ActiveCfg = Debug|Any CPU
		{5B3B50D9-6854-4B29-B6CC-5C34B0E45021}.Debug|x86.Build.0 = Debug|Any CPU
		{5B3B50D9-6854-4B29-B6CC-5C34B0E45021}.Release|Any CPU.ActiveCfg = Release|Any CPU
		{5B3B50D9-6854-4B29-B6CC-5C34B0E45021}.Release|Any CPU.Build.0 = Release|Any CPU
		{5B3B50D9-6854-4B29-B6CC-5C34B0E45021}.Release|x64.ActiveCfg = Release|Any CPU
		{5B3B50D9-6854-4B29-B6CC-5C34B0E45021}.Release|x64.Build.0 = Release|Any CPU
		{5B3B50D9-6854-4B29-B6CC-5C34B0E45021}.Release|x86.ActiveCfg = Release|Any CPU
		{5B3B50D9-6854-4B29-B6CC-5C34B0E45021}.Release|x86.Build.0 = Release|Any CPU
		{2CBEED6F-4622-4444-B63A-5960BFFF8272}.Debug|Any CPU.ActiveCfg = Debug|Any CPU
		{2CBEED6F-4622-4444-B63A-5960BFFF8272}.Debug|Any CPU.Build.0 = Debug|Any CPU
		{2CBEED6F-4622-4444-B63A-5960BFFF8272}.Debug|x64.ActiveCfg = Debug|Any CPU
		{2CBEED6F-4622-4444-B63A-5960BFFF8272}.Debug|x64.Build.0 = Debug|Any CPU
		{2CBEED6F-4622-4444-B63A-5960BFFF8272}.Debug|x86.ActiveCfg = Debug|Any CPU
		{2CBEED6F-4622-4444-B63A-5960BFFF8272}.Debug|x86.Build.0 = Debug|Any CPU
		{2CBEED6F-4622-4444-B63A-5960BFFF8272}.Release|Any CPU.ActiveCfg = Release|Any CPU
		{2CBEED6F-4622-4444-B63A-5960BFFF8272}.Release|Any CPU.Build.0 = Release|Any CPU
		{2CBEED6F-4622-4444-B63A-5960BFFF8272}.Release|x64.ActiveCfg = Release|Any CPU
		{2CBEED6F-4622-4444-B63A-5960BFFF8272}.Release|x64.Build.0 = Release|Any CPU
		{2CBEED6F-4622-4444-B63A-5960BFFF8272}.Release|x86.ActiveCfg = Release|Any CPU
		{2CBEED6F-4622-4444-B63A-5960BFFF8272}.Release|x86.Build.0 = Release|Any CPU
	EndGlobalSection
	GlobalSection(SolutionProperties) = preSolution
		HideSolutionNode = FALSE
	EndGlobalSection
EndGlobal
